
Microsoft Visual Studio Solution File, Format Version 12.00
# Visual Studio Version 16
VisualStudioVersion = 16.0.810.11
MinimumVisualStudioVersion = 10.0.40219.1
Project("{FAE04EC0-301F-11D3-BF4B-00C04F79EFBC}") = "matrix", "matrix\matrix.csproj", "{0481D862-AA58-4D10-8E9E-AC50CBA545B3}"
EndProject
Global
	GlobalSection(SolutionConfigurationPlatforms) = preSolution
		Debug|Any CPU = Debug|Any CPU
		Release|Any CPU = Release|Any CPU
	EndGlobalSection
	GlobalSection(ProjectConfigurationPlatforms) = postSolution
		{0481D862-AA58-4D10-8E9E-AC50CBA545B3}.Debug|Any CPU.ActiveCfg = Debug|Any CPU
		{0481D862-AA58-4D10-8E9E-AC50CBA545B3}.Debug|Any CPU.Build.0 = Debug|Any CPU
		{0481D862-AA58-4D10-8E9E-AC50CBA545B3}.Release|Any CPU.ActiveCfg = Release|Any CPU
		{0481D862-AA58-4D10-8E9E-AC50CBA545B3}.Release|Any CPU.Build.0 = Release|Any CPU
	EndGlobalSection
	GlobalSection(SolutionProperties) = preSolution
		HideSolutionNode = FALSE
	EndGlobalSection
	GlobalSection(ExtensibilityGlobals) = postSolution
		SolutionGuid = {05B6C970-BF41-42A3-B657-837CE2D61604}
	EndGlobalSection
EndGlobal
